# generated by rye
# use `rye lock` or `rye sync` to update this lockfile
#
# last locked with the following flags:
#   pre: false
#   features: []
#   all-features: false
#   with-sources: false

-e file:.
annotated-types==0.6.0
    # via pydantic
pydantic==2.7.1
    # via fastui
pydantic-core==2.18.2
    # via pydantic
typing-extensions==4.11.0
    # via pydantic
    # via pydantic-core
